
Microsoft Visual Studio Solution File, Format Version 12.00
# Visual Studio Version 16
VisualStudioVersion = 16.0.31105.61
MinimumVisualStudioVersion = 10.0.40219.1
Project("{FAE04EC0-301F-11D3-BF4B-00C04F79EFBC}") = "MyLib", "MyLib.csproj", "{0E1463FF-25AC-4DAD-9975-92007D073E5E}"
EndProject
Project("{FAE04EC0-301F-11D3-BF4B-00C04F79EFBC}") = "ConsoleApp1", "..\ConsoleApp1\ConsoleApp1.csproj", "{24E64252-CC30-4CF0-A90C-867C5C3CF251}"
EndProject
Global
	GlobalSection(SolutionConfigurationPlatforms) = preSolution
		Debug|Any CPU = Debug|Any CPU
		Release|Any CPU = Release|Any CPU
	EndGlobalSection
	GlobalSection(ProjectConfigurationPlatforms) = postSolution
		{0E1463FF-25AC-4DAD-9975-92007D073E5E}.Debug|Any CPU.ActiveCfg = Debug|Any CPU
		{0E1463FF-25AC-4DAD-9975-92007D073E5E}.Debug|Any CPU.Build.0 = Debug|Any CPU
		{0E1463FF-25AC-4DAD-9975-92007D073E5E}.Release|Any CPU.ActiveCfg = Release|Any CPU
		{0E1463FF-25AC-4DAD-9975-92007D073E5E}.Release|Any CPU.Build.0 = Release|Any CPU
		{24E64252-CC30-4CF0-A90C-867C5C3CF251}.Debug|Any CPU.ActiveCfg = Debug|Any CPU
		{24E64252-CC30-4CF0-A90C-867C5C3CF251}.Debug|Any CPU.Build.0 = Debug|Any CPU
		{24E64252-CC30-4CF0-A90C-867C5C3CF251}.Release|Any CPU.ActiveCfg = Release|Any CPU
		{24E64252-CC30-4CF0-A90C-867C5C3CF251}.Release|Any CPU.Build.0 = Release|Any CPU
	EndGlobalSection
	GlobalSection(SolutionProperties) = preSolution
		HideSolutionNode = FALSE
	EndGlobalSection
	GlobalSection(ExtensibilityGlobals) = postSolution
		SolutionGuid = {67072F43-D873-4B44-A8FE-F791C25B55F2}
	EndGlobalSection
EndGlobal
